# This file is automatically @generated by Cargo.
# It is not intended for manual editing.
version = 4

[[package]]
name = "arrows-svg"
version = "1.0.1"
dependencies = [
 "domrs",
]

[[package]]
name = "domrs"
version = "0.0.6"
source = "registry+https://github.com/rust-lang/crates.io-index"
checksum = "9aa8787e7f843bfd436a0b092f81c7f39b859251ae0549673e989cc02bc4a32e"
